# THIS IS AN AUTOGENERATED FILE. DO NOT EDIT THIS FILE DIRECTLY.
# yarn lockfile v1


color-convert@^1.8.2:
  version "1.9.0"
  resolved "https://registry.yarnpkg.com/color-convert/-/color-convert-1.9.0.tgz#1accf97dd739b983bf994d56fec8f95853641b7a"
  dependencies:
    color-name "^1.1.1"

color-name@^1.0.0, color-name@^1.1.1:
  version "1.1.1"
  resolved "https://registry.yarnpkg.com/color-name/-/color-name-1.1.1.tgz#4b1415304cf50028ea81643643bd82ea05803689"

color-string@^1.4.0:
  version "1.4.0"
  resolved "https://registry.yarnpkg.com/color-string/-/color-string-1.4.0.tgz#2b47f8565fb0eb52f9f77c801992b8ca55d6e898"
  dependencies:
    color-name "^1.0.0"
    simple-swizzle "^0.2.2"

color@^1.0.3:
  version "1.0.3"
  resolved "https://registry.yarnpkg.com/color/-/color-1.0.3.tgz#e48e832d85f14ef694fb468811c2d5cfe729b55d"
  dependencies:
    color-convert "^1.8.2"
    color-string "^1.4.0"

is-arrayish@^0.3.1:
  version "0.3.1"
  resolved "https://registry.yarnpkg.com/is-arrayish/-/is-arrayish-0.3.1.tgz#c2dfc386abaa0c3e33c48db3fe87059e69065efd"

simple-swizzle@^0.2.2:
  version "0.2.2"
  resolved "https://registry.yarnpkg.com/simple-swizzle/-/simple-swizzle-0.2.2.tgz#a4da6b635ffcccca33f70d17cb92592de95e557a"
  dependencies:
    is-arrayish "^0.3.1"
